// !$*UTF8*$!
{
	archiveVersion = 1;
	classes = {
	};
	objectVersion = 50;
	objects = {

/* Begin PBXBuildFile section */
		4F017CF9255DD831009E4475 /* NB_Color.swift in Sources */ = {isa = PBXBuildFile; fileRef = 4F017CF8255DD831009E4475 /* NB_Color.swift */; };
		4F31A40A255EA3DA001BE80A /* GridScreen.swift in Sources */ = {isa = PBXBuildFile; fileRef = 4F31A409255EA3DA001BE80A /* GridScreen.swift */; };
		4F31A40D255EA3E3001BE80A /* Model.swift in Sources */ = {isa = PBXBuildFile; fileRef = 4F31A40C255EA3E3001BE80A /* Model.swift */; };
		4F39D348255D0D5B0074DD36 /* AppDelegate.swift in Sources */ = {isa = PBXBuildFile; fileRef = 4F39D347255D0D5B0074DD36 /* AppDelegate.swift */; };
		4F39D34A255D0D5B0074DD36 /* SceneDelegate.swift in Sources */ = {isa = PBXBuildFile; fileRef = 4F39D349255D0D5B0074DD36 /* SceneDelegate.swift */; };
		4F39D34C255D0D5B0074DD36 /* WalkthroughViewController.swift in Sources */ = {isa = PBXBuildFile; fileRef = 4F39D34B255D0D5B0074DD36 /* WalkthroughViewController.swift */; };
		4F39D34F255D0D5B0074DD36 /* Main.storyboard in Resources */ = {isa = PBXBuildFile; fileRef = 4F39D34D255D0D5B0074DD36 /* Main.storyboard */; };
		4F39D352255D0D5B0074DD36 /* Buy_SellPoint.xcdatamodeld in Sources */ = {isa = PBXBuildFile; fileRef = 4F39D350255D0D5B0074DD36 /* Buy_SellPoint.xcdatamodeld */; };
		4F39D354255D0D5C0074DD36 /* Assets.xcassets in Resources */ = {isa = PBXBuildFile; fileRef = 4F39D353255D0D5C0074DD36 /* Assets.xcassets */; };
		4F39D357255D0D5C0074DD36 /* LaunchScreen.storyboard in Resources */ = {isa = PBXBuildFile; fileRef = 4F39D355255D0D5C0074DD36 /* LaunchScreen.storyboard */; };
		4F39D378255D23690074DD36 /* InfoPageViewController.swift in Sources */ = {isa = PBXBuildFile; fileRef = 4F39D377255D23690074DD36 /* InfoPageViewController.swift */; };
		4F39D37B255D239D0074DD36 /* IntroPageViewController.swift in Sources */ = {isa = PBXBuildFile; fileRef = 4F39D37A255D239C0074DD36 /* IntroPageViewController.swift */; };
		4F39D37E255D23C70074DD36 /* DemoPageViewController.swift in Sources */ = {isa = PBXBuildFile; fileRef = 4F39D37D255D23C70074DD36 /* DemoPageViewController.swift */; };
		4F39D381255D23EB0074DD36 /* DealingPageViewController.swift in Sources */ = {isa = PBXBuildFile; fileRef = 4F39D380255D23EB0074DD36 /* DealingPageViewController.swift */; };
		4F39D387255D4B860074DD36 /* WalkthroughNavigationViewController.swift in Sources */ = {isa = PBXBuildFile; fileRef = 4F39D386255D4B860074DD36 /* WalkthroughNavigationViewController.swift */; };
		4F39D38B255D4BB70074DD36 /* WalkthroughPageViewController.swift in Sources */ = {isa = PBXBuildFile; fileRef = 4F39D38A255D4BB70074DD36 /* WalkthroughPageViewController.swift */; };
		4F39D38E255D4BEB0074DD36 /* WalkthroughScreenViewController.swift in Sources */ = {isa = PBXBuildFile; fileRef = 4F39D38D255D4BEB0074DD36 /* WalkthroughScreenViewController.swift */; };
		4F39D393255D50150074DD36 /* Global.swift in Sources */ = {isa = PBXBuildFile; fileRef = 4F39D392255D50150074DD36 /* Global.swift */; };
		4FAA8FFF256135B400619238 /* NB_UIView.swift in Sources */ = {isa = PBXBuildFile; fileRef = 4FAA8FFE256135B400619238 /* NB_UIView.swift */; };
		4FC141F1255E5861000A9055 /* UserChoiceViewController.swift in Sources */ = {isa = PBXBuildFile; fileRef = 4FC141F0255E5861000A9055 /* UserChoiceViewController.swift */; };
		4FC141F9255E7163000A9055 /* PinViewController.swift in Sources */ = {isa = PBXBuildFile; fileRef = 4FC141F8255E7163000A9055 /* PinViewController.swift */; };
		4FC141FC255E7174000A9055 /* PatternViewController.swift in Sources */ = {isa = PBXBuildFile; fileRef = 4FC141FB255E7174000A9055 /* PatternViewController.swift */; };
/* End PBXBuildFile section */

/* Begin PBXFileReference section */
		4F017CF8255DD831009E4475 /* NB_Color.swift */ = {isa = PBXFileReference; lastKnownFileType = sourcecode.swift; path = NB_Color.swift; sourceTree = "<group>"; };
		4F31A409255EA3DA001BE80A /* GridScreen.swift */ = {isa = PBXFileReference; fileEncoding = 4; lastKnownFileType = sourcecode.swift; path = GridScreen.swift; sourceTree = "<group>"; };
		4F31A40C255EA3E3001BE80A /* Model.swift */ = {isa = PBXFileReference; fileEncoding = 4; lastKnownFileType = sourcecode.swift; path = Model.swift; sourceTree = "<group>"; };
		4F39D344255D0D5B0074DD36 /* Buy&SellPoint.app */ = {isa = PBXFileReference; explicitFileType = wrapper.application; includeInIndex = 0; path = "Buy&SellPoint.app"; sourceTree = BUILT_PRODUCTS_DIR; };
		4F39D347255D0D5B0074DD36 /* AppDelegate.swift */ = {isa = PBXFileReference; lastKnownFileType = sourcecode.swift; path = AppDelegate.swift; sourceTree = "<group>"; };
		4F39D349255D0D5B0074DD36 /* SceneDelegate.swift */ = {isa = PBXFileReference; lastKnownFileType = sourcecode.swift; path = SceneDelegate.swift; sourceTree = "<group>"; };
		4F39D34B255D0D5B0074DD36 /* WalkthroughViewController.swift */ = {isa = PBXFileReference; lastKnownFileType = sourcecode.swift; path = WalkthroughViewController.swift; sourceTree = "<group>"; };
		4F39D34E255D0D5B0074DD36 /* Base */ = {isa = PBXFileReference; lastKnownFileType = file.storyboard; name = Base; path = Base.lproj/Main.storyboard; sourceTree = "<group>"; };
		4F39D351255D0D5B0074DD36 /* Buy_SellPoint.xcdatamodel */ = {isa = PBXFileReference; lastKnownFileType = wrapper.xcdatamodel; path = Buy_SellPoint.xcdatamodel; sourceTree = "<group>"; };
		4F39D353255D0D5C0074DD36 /* Assets.xcassets */ = {isa = PBXFileReference; lastKnownFileType = folder.assetcatalog; path = Assets.xcassets; sourceTree = "<group>"; };
		4F39D356255D0D5C0074DD36 /* Base */ = {isa = PBXFileReference; lastKnownFileType = file.storyboard; name = Base; path = Base.lproj/LaunchScreen.storyboard; sourceTree = "<group>"; };
		4F39D358255D0D5C0074DD36 /* Info.plist */ = {isa = PBXFileReference; lastKnownFileType = text.plist.xml; path = Info.plist; sourceTree = "<group>"; };
		4F39D377255D23690074DD36 /* InfoPageViewController.swift */ = {isa = PBXFileReference; lastKnownFileType = sourcecode.swift; path = InfoPageViewController.swift; sourceTree = "<group>"; };
		4F39D37A255D239C0074DD36 /* IntroPageViewController.swift */ = {isa = PBXFileReference; lastKnownFileType = sourcecode.swift; path = IntroPageViewController.swift; sourceTree = "<group>"; };
		4F39D37D255D23C70074DD36 /* DemoPageViewController.swift */ = {isa = PBXFileReference; lastKnownFileType = sourcecode.swift; path = DemoPageViewController.swift; sourceTree = "<group>"; };
		4F39D380255D23EB0074DD36 /* DealingPageViewController.swift */ = {isa = PBXFileReference; lastKnownFileType = sourcecode.swift; path = DealingPageViewController.swift; sourceTree = "<group>"; };
		4F39D386255D4B860074DD36 /* WalkthroughNavigationViewController.swift */ = {isa = PBXFileReference; lastKnownFileType = sourcecode.swift; path = WalkthroughNavigationViewController.swift; sourceTree = "<group>"; };
		4F39D38A255D4BB70074DD36 /* WalkthroughPageViewController.swift */ = {isa = PBXFileReference; lastKnownFileType = sourcecode.swift; path = WalkthroughPageViewController.swift; sourceTree = "<group>"; };
		4F39D38D255D4BEB0074DD36 /* WalkthroughScreenViewController.swift */ = {isa = PBXFileReference; lastKnownFileType = sourcecode.swift; path = WalkthroughScreenViewController.swift; sourceTree = "<group>"; };
		4F39D392255D50150074DD36 /* Global.swift */ = {isa = PBXFileReference; lastKnownFileType = sourcecode.swift; path = Global.swift; sourceTree = "<group>"; };
		4FAA8FFE256135B400619238 /* NB_UIView.swift */ = {isa = PBXFileReference; fileEncoding = 4; lastKnownFileType = sourcecode.swift; path = NB_UIView.swift; sourceTree = "<group>"; };
		4FC141F0255E5861000A9055 /* UserChoiceViewController.swift */ = {isa = PBXFileReference; lastKnownFileType = sourcecode.swift; path = UserChoiceViewController.swift; sourceTree = "<group>"; };
		4FC141F8255E7163000A9055 /* PinViewController.swift */ = {isa = PBXFileReference; lastKnownFileType = sourcecode.swift; path = PinViewController.swift; sourceTree = "<group>"; };
		4FC141FB255E7174000A9055 /* PatternViewController.swift */ = {isa = PBXFileReference; lastKnownFileType = sourcecode.swift; path = PatternViewController.swift; sourceTree = "<group>"; };
/* End PBXFileReference section */

/* Begin PBXFrameworksBuildPhase section */
		4F39D341255D0D5B0074DD36 /* Frameworks */ = {
			isa = PBXFrameworksBuildPhase;
			buildActionMask = 2147483647;
			files = (
			);
			runOnlyForDeploymentPostprocessing = 0;
		};
/* End PBXFrameworksBuildPhase section */

/* Begin PBXGroup section */
		4F017CF7255DD7BF009E4475 /* Extension */ = {
			isa = PBXGroup;
			children = (
				4F017CF8255DD831009E4475 /* NB_Color.swift */,
			);
			path = Extension;
			sourceTree = "<group>";
		};
		4F39D33B255D0D5B0074DD36 = {
			isa = PBXGroup;
			children = (
				4F39D346255D0D5B0074DD36 /* Buy&SellPoint */,
				4F39D345255D0D5B0074DD36 /* Products */,
			);
			sourceTree = "<group>";
		};
		4F39D345255D0D5B0074DD36 /* Products */ = {
			isa = PBXGroup;
			children = (
				4F39D344255D0D5B0074DD36 /* Buy&SellPoint.app */,
			);
			name = Products;
			sourceTree = "<group>";
		};
		4F39D346255D0D5B0074DD36 /* Buy&SellPoint */ = {
			isa = PBXGroup;
			children = (
				4F39D347255D0D5B0074DD36 /* AppDelegate.swift */,
				4F39D349255D0D5B0074DD36 /* SceneDelegate.swift */,
				4F39D34D255D0D5B0074DD36 /* Main.storyboard */,
				4F39D353255D0D5C0074DD36 /* Assets.xcassets */,
				4F39D355255D0D5C0074DD36 /* LaunchScreen.storyboard */,
				4F39D358255D0D5C0074DD36 /* Info.plist */,
				4F39D350255D0D5B0074DD36 /* Buy_SellPoint.xcdatamodeld */,
				4F39D374255D203D0074DD36 /* Walkthrough */,
				4FC141EF255E5804000A9055 /* Pin and Pattern */,
				4F39D391255D4F450074DD36 /* Utils */,
				4F017CF7255DD7BF009E4475 /* Extension */,
			);
			path = "Buy&SellPoint";
			sourceTree = "<group>";
		};
		4F39D374255D203D0074DD36 /* Walkthrough */ = {
			isa = PBXGroup;
			children = (
				4F39D34B255D0D5B0074DD36 /* WalkthroughViewController.swift */,
				4F39D386255D4B860074DD36 /* WalkthroughNavigationViewController.swift */,
				4F39D38A255D4BB70074DD36 /* WalkthroughPageViewController.swift */,
				4F39D38D255D4BEB0074DD36 /* WalkthroughScreenViewController.swift */,
				4F39D37A255D239C0074DD36 /* IntroPageViewController.swift */,
				4F39D377255D23690074DD36 /* InfoPageViewController.swift */,
				4F39D37D255D23C70074DD36 /* DemoPageViewController.swift */,
				4F39D380255D23EB0074DD36 /* DealingPageViewController.swift */,
			);
			path = Walkthrough;
			sourceTree = "<group>";
		};
		4F39D391255D4F450074DD36 /* Utils */ = {
			isa = PBXGroup;
			children = (
				4F39D392255D50150074DD36 /* Global.swift */,
				4FAA8FFE256135B400619238 /* NB_UIView.swift */,
			);
			path = Utils;
			sourceTree = "<group>";
		};
		4FC141EF255E5804000A9055 /* Pin and Pattern */ = {
			isa = PBXGroup;
			children = (
				4FC141F0255E5861000A9055 /* UserChoiceViewController.swift */,
				4FC141F8255E7163000A9055 /* PinViewController.swift */,
				4FC141FB255E7174000A9055 /* PatternViewController.swift */,
				4F31A409255EA3DA001BE80A /* GridScreen.swift */,
				4F31A40C255EA3E3001BE80A /* Model.swift */,
			);
			path = "Pin and Pattern";
			sourceTree = "<group>";
		};
/* End PBXGroup section */

/* Begin PBXNativeTarget section */
		4F39D343255D0D5B0074DD36 /* Buy&SellPoint */ = {
			isa = PBXNativeTarget;
			buildConfigurationList = 4F39D35B255D0D5C0074DD36 /* Build configuration list for PBXNativeTarget "Buy&SellPoint" */;
			buildPhases = (
				4F39D340255D0D5B0074DD36 /* Sources */,
				4F39D341255D0D5B0074DD36 /* Frameworks */,
				4F39D342255D0D5B0074DD36 /* Resources */,
			);
			buildRules = (
			);
			dependencies = (
			);
			name = "Buy&SellPoint";
			productName = "Buy&SellPoint";
			productReference = 4F39D344255D0D5B0074DD36 /* Buy&SellPoint.app */;
			productType = "com.apple.product-type.application";
		};
/* End PBXNativeTarget section */

/* Begin PBXProject section */
		4F39D33C255D0D5B0074DD36 /* Project object */ = {
			isa = PBXProject;
			attributes = {
				LastSwiftUpdateCheck = 1210;
				LastUpgradeCheck = 1210;
				TargetAttributes = {
					4F39D343255D0D5B0074DD36 = {
						CreatedOnToolsVersion = 12.1;
					};
				};
			};
			buildConfigurationList = 4F39D33F255D0D5B0074DD36 /* Build configuration list for PBXProject "Buy&SellPoint" */;
			compatibilityVersion = "Xcode 9.3";
			developmentRegion = en;
			hasScannedForEncodings = 0;
			knownRegions = (
				en,
				Base,
			);
			mainGroup = 4F39D33B255D0D5B0074DD36;
			productRefGroup = 4F39D345255D0D5B0074DD36 /* Products */;
			projectDirPath = "";
			projectRoot = "";
			targets = (
				4F39D343255D0D5B0074DD36 /* Buy&SellPoint */,
			);
		};
/* End PBXProject section */

/* Begin PBXResourcesBuildPhase section */
		4F39D342255D0D5B0074DD36 /* Resources */ = {
			isa = PBXResourcesBuildPhase;
			buildActionMask = 2147483647;
			files = (
				4F39D357255D0D5C0074DD36 /* LaunchScreen.storyboard in Resources */,
				4F39D354255D0D5C0074DD36 /* Assets.xcassets in Resources */,
				4F39D34F255D0D5B0074DD36 /* Main.storyboard in Resources */,
			);
			runOnlyForDeploymentPostprocessing = 0;
		};
/* End PBXResourcesBuildPhase section */

/* Begin PBXSourcesBuildPhase section */
		4F39D340255D0D5B0074DD36 /* Sources */ = {
			isa = PBXSourcesBuildPhase;
			buildActionMask = 2147483647;
			files = (
				4F39D34C255D0D5B0074DD36 /* WalkthroughViewController.swift in Sources */,
				4F39D37E255D23C70074DD36 /* DemoPageViewController.swift in Sources */,
				4F39D38B255D4BB70074DD36 /* WalkthroughPageViewController.swift in Sources */,
				4FC141FC255E7174000A9055 /* PatternViewController.swift in Sources */,
				4F39D387255D4B860074DD36 /* WalkthroughNavigationViewController.swift in Sources */,
				4F39D381255D23EB0074DD36 /* DealingPageViewController.swift in Sources */,
				4FAA8FFF256135B400619238 /* NB_UIView.swift in Sources */,
				4F39D348255D0D5B0074DD36 /* AppDelegate.swift in Sources */,
				4F39D34A255D0D5B0074DD36 /* SceneDelegate.swift in Sources */,
				4F39D378255D23690074DD36 /* InfoPageViewController.swift in Sources */,
				4F31A40D255EA3E3001BE80A /* Model.swift in Sources */,
				4FC141F9255E7163000A9055 /* PinViewController.swift in Sources */,
				4F017CF9255DD831009E4475 /* NB_Color.swift in Sources */,
				4F39D393255D50150074DD36 /* Global.swift in Sources */,
				4F31A40A255EA3DA001BE80A /* GridScreen.swift in Sources */,
				4F39D37B255D239D0074DD36 /* IntroPageViewController.swift in Sources */,
				4F39D352255D0D5B0074DD36 /* Buy_SellPoint.xcdatamodeld in Sources */,
				4FC141F1255E5861000A9055 /* UserChoiceViewController.swift in Sources */,
				4F39D38E255D4BEB0074DD36 /* WalkthroughScreenViewController.swift in Sources */,
			);
			runOnlyForDeploymentPostprocessing = 0;
		};
/* End PBXSourcesBuildPhase section */

/* Begin PBXVariantGroup section */
		4F39D34D255D0D5B0074DD36 /* Main.storyboard */ = {
			isa = PBXVariantGroup;
			children = (
				4F39D34E255D0D5B0074DD36 /* Base */,
			);
			name = Main.storyboard;
			sourceTree = "<group>";
		};
		4F39D355255D0D5C0074DD36 /* LaunchScreen.storyboard */ = {
			isa = PBXVariantGroup;
			children = (
				4F39D356255D0D5C0074DD36 /* Base */,
			);
			name = LaunchScreen.storyboard;
			sourceTree = "<group>";
		};
/* End PBXVariantGroup section */

/* Begin XCBuildConfiguration section */
		4F39D359255D0D5C0074DD36 /* Debug */ = {
			isa = XCBuildConfiguration;
			buildSettings = {
				ALWAYS_SEARCH_USER_PATHS = NO;
				CLANG_ANALYZER_NONNULL = YES;
				CLANG_ANALYZER_NUMBER_OBJECT_CONVERSION = YES_AGGRESSIVE;
				CLANG_CXX_LANGUAGE_STANDARD = "gnu++14";
				CLANG_CXX_LIBRARY = "libc++";
				CLANG_ENABLE_MODULES = YES;
				CLANG_ENABLE_OBJC_ARC = YES;
				CLANG_ENABLE_OBJC_WEAK = YES;
				CLANG_WARN_BLOCK_CAPTURE_AUTORELEASING = YES;
				CLANG_WARN_BOOL_CONVERSION = YES;
				CLANG_WARN_COMMA = YES;
				CLANG_WARN_CONSTANT_CONVERSION = YES;
				CLANG_WARN_DEPRECATED_OBJC_IMPLEMENTATIONS = YES;
				CLANG_WARN_DIRECT_OBJC_ISA_USAGE = YES_ERROR;
				CLANG_WARN_DOCUMENTATION_COMMENTS = YES;
				CLANG_WARN_EMPTY_BODY = YES;
				CLANG_WARN_ENUM_CONVERSION = YES;
				CLANG_WARN_INFINITE_RECURSION = YES;
				CLANG_WARN_INT_CONVERSION = YES;
				CLANG_WARN_NON_LITERAL_NULL_CONVERSION = YES;
				CLANG_WARN_OBJC_IMPLICIT_RETAIN_SELF = YES;
				CLANG_WARN_OBJC_LITERAL_CONVERSION = YES;
				CLANG_WARN_OBJC_ROOT_CLASS = YES_ERROR;
				CLANG_WARN_QUOTED_INCLUDE_IN_FRAMEWORK_HEADER = YES;
				CLANG_WARN_RANGE_LOOP_ANALYSIS = YES;
				CLANG_WARN_STRICT_PROTOTYPES = YES;
				CLANG_WARN_SUSPICIOUS_MOVE = YES;
				CLANG_WARN_UNGUARDED_AVAILABILITY = YES_AGGRESSIVE;
				CLANG_WARN_UNREACHABLE_CODE = YES;
				CLANG_WARN__DUPLICATE_METHOD_MATCH = YES;
				COPY_PHASE_STRIP = NO;
				DEBUG_INFORMATION_FORMAT = dwarf;
				ENABLE_STRICT_OBJC_MSGSEND = YES;
				ENABLE_TESTABILITY = YES;
				GCC_C_LANGUAGE_STANDARD = gnu11;
				GCC_DYNAMIC_NO_PIC = NO;
				GCC_NO_COMMON_BLOCKS = YES;
				GCC_OPTIMIZATION_LEVEL = 0;
				GCC_PREPROCESSOR_DEFINITIONS = (
					"DEBUG=1",
					"$(inherited)",
				);
				GCC_WARN_64_TO_32_BIT_CONVERSION = YES;
				GCC_WARN_ABOUT_RETURN_TYPE = YES_ERROR;
				GCC_WARN_UNDECLARED_SELECTOR = YES;
				GCC_WARN_UNINITIALIZED_AUTOS = YES_AGGRESSIVE;
				GCC_WARN_UNUSED_FUNCTION = YES;
				GCC_WARN_UNUSED_VARIABLE = YES;
				IPHONEOS_DEPLOYMENT_TARGET = 14.1;
				MTL_ENABLE_DEBUG_INFO = INCLUDE_SOURCE;
				MTL_FAST_MATH = YES;
				ONLY_ACTIVE_ARCH = YES;
				SDKROOT = iphoneos;
				SWIFT_ACTIVE_COMPILATION_CONDITIONS = DEBUG;
				SWIFT_OPTIMIZATION_LEVEL = "-Onone";
			};
			name = Debug;
		};
		4F39D35A255D0D5C0074DD36 /* Release */ = {
			isa = XCBuildConfiguration;
			buildSettings = {
				ALWAYS_SEARCH_USER_PATHS = NO;
				CLANG_ANALYZER_NONNULL = YES;
				CLANG_ANALYZER_NUMBER_OBJECT_CONVERSION = YES_AGGRESSIVE;
				CLANG_CXX_LANGUAGE_STANDARD = "gnu++14";
				CLANG_CXX_LIBRARY = "libc++";
				CLANG_ENABLE_MODULES = YES;
				CLANG_ENABLE_OBJC_ARC = YES;
				CLANG_ENABLE_OBJC_WEAK = YES;
				CLANG_WARN_BLOCK_CAPTURE_AUTORELEASING = YES;
				CLANG_WARN_BOOL_CONVERSION = YES;
				CLANG_WARN_COMMA = YES;
				CLANG_WARN_CONSTANT_CONVERSION = YES;
				CLANG_WARN_DEPRECATED_OBJC_IMPLEMENTATIONS = YES;
				CLANG_WARN_DIRECT_OBJC_ISA_USAGE = YES_ERROR;
				CLANG_WARN_DOCUMENTATION_COMMENTS = YES;
				CLANG_WARN_EMPTY_BODY = YES;
				CLANG_WARN_ENUM_CONVERSION = YES;
				CLANG_WARN_INFINITE_RECURSION = YES;
				CLANG_WARN_INT_CONVERSION = YES;
				CLANG_WARN_NON_LITERAL_NULL_CONVERSION = YES;
				CLANG_WARN_OBJC_IMPLICIT_RETAIN_SELF = YES;
				CLANG_WARN_OBJC_LITERAL_CONVERSION = YES;
				CLANG_WARN_OBJC_ROOT_CLASS = YES_ERROR;
				CLANG_WARN_QUOTED_INCLUDE_IN_FRAMEWORK_HEADER = YES;
				CLANG_WARN_RANGE_LOOP_ANALYSIS = YES;
				CLANG_WARN_STRICT_PROTOTYPES = YES;
				CLANG_WARN_SUSPICIOUS_MOVE = YES;
				CLANG_WARN_UNGUARDED_AVAILABILITY = YES_AGGRESSIVE;
				CLANG_WARN_UNREACHABLE_CODE = YES;
				CLANG_WARN__DUPLICATE_METHOD_MATCH = YES;
				COPY_PHASE_STRIP = NO;
				DEBUG_INFORMATION_FORMAT = "dwarf-with-dsym";
				ENABLE_NS_ASSERTIONS = NO;
				ENABLE_STRICT_OBJC_MSGSEND = YES;
				GCC_C_LANGUAGE_STANDARD = gnu11;
				GCC_NO_COMMON_BLOCKS = YES;
				GCC_WARN_64_TO_32_BIT_CONVERSION = YES;
				GCC_WARN_ABOUT_RETURN_TYPE = YES_ERROR;
				GCC_WARN_UNDECLARED_SELECTOR = YES;
				GCC_WARN_UNINITIALIZED_AUTOS = YES_AGGRESSIVE;
				GCC_WARN_UNUSED_FUNCTION = YES;
				GCC_WARN_UNUSED_VARIABLE = YES;
				IPHONEOS_DEPLOYMENT_TARGET = 14.1;
				MTL_ENABLE_DEBUG_INFO = NO;
				MTL_FAST_MATH = YES;
				SDKROOT = iphoneos;
				SWIFT_COMPILATION_MODE = wholemodule;
				SWIFT_OPTIMIZATION_LEVEL = "-O";
				VALIDATE_PRODUCT = YES;
			};
			name = Release;
		};
		4F39D35C255D0D5C0074DD36 /* Debug */ = {
			isa = XCBuildConfiguration;
			buildSettings = {
				ASSETCATALOG_COMPILER_APPICON_NAME = AppIcon;
				ASSETCATALOG_COMPILER_GLOBAL_ACCENT_COLOR_NAME = AccentColor;
				CODE_SIGN_STYLE = Automatic;
				DEVELOPMENT_TEAM = 39W488W72N;
				INFOPLIST_FILE = "Buy&SellPoint/Info.plist";
				LD_RUNPATH_SEARCH_PATHS = (
					"$(inherited)",
					"@executable_path/Frameworks",
				);
				PRODUCT_BUNDLE_IDENTIFIER = "oodlestechnologies.Buy-SellPoint";
				PRODUCT_NAME = "$(TARGET_NAME)";
				SWIFT_VERSION = 5.0;
				TARGETED_DEVICE_FAMILY = "1,2";
			};
			name = Debug;
		};
		4F39D35D255D0D5C0074DD36 /* Release */ = {
			isa = XCBuildConfiguration;
			buildSettings = {
				ASSETCATALOG_COMPILER_APPICON_NAME = AppIcon;
				ASSETCATALOG_COMPILER_GLOBAL_ACCENT_COLOR_NAME = AccentColor;
				CODE_SIGN_STYLE = Automatic;
				DEVELOPMENT_TEAM = 39W488W72N;
				INFOPLIST_FILE = "Buy&SellPoint/Info.plist";
				LD_RUNPATH_SEARCH_PATHS = (
					"$(inherited)",
					"@executable_path/Frameworks",
				);
				PRODUCT_BUNDLE_IDENTIFIER = "oodlestechnologies.Buy-SellPoint";
				PRODUCT_NAME = "$(TARGET_NAME)";
				SWIFT_VERSION = 5.0;
				TARGETED_DEVICE_FAMILY = "1,2";
			};
			name = Release;
		};
/* End XCBuildConfiguration section */

/* Begin XCConfigurationList section */
		4F39D33F255D0D5B0074DD36 /* Build configuration list for PBXProject "Buy&SellPoint" */ = {
			isa = XCConfigurationList;
			buildConfigurations = (
				4F39D359255D0D5C0074DD36 /* Debug */,
				4F39D35A255D0D5C0074DD36 /* Release */,
			);
			defaultConfigurationIsVisible = 0;
			defaultConfigurationName = Release;
		};
		4F39D35B255D0D5C0074DD36 /* Build configuration list for PBXNativeTarget "Buy&SellPoint" */ = {
			isa = XCConfigurationList;
			buildConfigurations = (
				4F39D35C255D0D5C0074DD36 /* Debug */,
				4F39D35D255D0D5C0074DD36 /* Release */,
			);
			defaultConfigurationIsVisible = 0;
			defaultConfigurationName = Release;
		};
/* End XCConfigurationList section */

/* Begin XCVersionGroup section */
		4F39D350255D0D5B0074DD36 /* Buy_SellPoint.xcdatamodeld */ = {
			isa = XCVersionGroup;
			children = (
				4F39D351255D0D5B0074DD36 /* Buy_SellPoint.xcdatamodel */,
			);
			currentVersion = 4F39D351255D0D5B0074DD36 /* Buy_SellPoint.xcdatamodel */;
			path = Buy_SellPoint.xcdatamodeld;
			sourceTree = "<group>";
			versionGroupType = wrapper.xcdatamodel;
		};
/* End XCVersionGroup section */
	};
	rootObject = 4F39D33C255D0D5B0074DD36 /* Project object */;
}
